
Microsoft Visual Studio Solution File, Format Version 11.00
# Visual Studio 2010
Project("{FAE04EC0-301F-11D3-BF4B-00C04F79EFBC}") = "Cr.ArgParse", "src\Cr.ArgParse\Cr.ArgParse.csproj", "{12E423B9-5B5A-403A-877B-B4B7F4ADB66B}"
EndProject
Project("{FAE04EC0-301F-11D3-BF4B-00C04F79EFBC}") = "Cr.ArgParse.Tests", "src\Cr.ArgParse.Tests\Cr.ArgParse.Tests.csproj", "{CEA89A3F-6F2C-4B5A-A3A5-BDF65171F943}"
EndProject
Global
	GlobalSection(SolutionConfigurationPlatforms) = preSolution
		Debug|Any CPU = Debug|Any CPU
		Release|Any CPU = Release|Any CPU
	EndGlobalSection
	GlobalSection(ProjectConfigurationPlatforms) = postSolution
		{12E423B9-5B5A-403A-877B-B4B7F4ADB66B}.Debug|Any CPU.ActiveCfg = Debug|Any CPU
		{12E423B9-5B5A-403A-877B-B4B7F4ADB66B}.Debug|Any CPU.Build.0 = Debug|Any CPU
		{12E423B9-5B5A-403A-877B-B4B7F4ADB66B}.Release|Any CPU.ActiveCfg = Release|Any CPU
		{12E423B9-5B5A-403A-877B-B4B7F4ADB66B}.Release|Any CPU.Build.0 = Release|Any CPU
		{CEA89A3F-6F2C-4B5A-A3A5-BDF65171F943}.Debug|Any CPU.ActiveCfg = Debug|Any CPU
		{CEA89A3F-6F2C-4B5A-A3A5-BDF65171F943}.Debug|Any CPU.Build.0 = Debug|Any CPU
		{CEA89A3F-6F2C-4B5A-A3A5-BDF65171F943}.Release|Any CPU.ActiveCfg = Release|Any CPU
		{CEA89A3F-6F2C-4B5A-A3A5-BDF65171F943}.Release|Any CPU.Build.0 = Release|Any CPU
	EndGlobalSection
	GlobalSection(MonoDevelopProperties) = preSolution
		StartupItem = src\Cr.ArgParse\Cr.ArgParse.csproj
		Policies = $0
		$0.TextStylePolicy = $1
		$1.FileWidth = 120
		$1.inheritsSet = VisualStudio
		$1.inheritsScope = text/plain
		$1.scope = text/x-csharp
		$0.CSharpFormattingPolicy = $2
		$2.IndentSwitchBody = True
		$2.AnonymousMethodBraceStyle = NextLine
		$2.PropertyBraceStyle = NextLine
		$2.PropertyGetBraceStyle = NextLine
		$2.PropertySetBraceStyle = NextLine
		$2.EventBraceStyle = NextLine
		$2.EventAddBraceStyle = NextLine
		$2.EventRemoveBraceStyle = NextLine
		$2.StatementBraceStyle = NextLine
		$2.ArrayInitializerBraceStyle = NextLine
		$2.BeforeMethodDeclarationParentheses = False
		$2.BeforeMethodCallParentheses = False
		$2.BeforeConstructorDeclarationParentheses = False
		$2.BeforeDelegateDeclarationParentheses = False
		$2.NewParentheses = False
		$2.inheritsSet = Mono
		$2.inheritsScope = text/x-csharp
		$2.scope = text/x-csharp
	EndGlobalSection
	GlobalSection(SolutionProperties) = preSolution
		HideSolutionNode = FALSE
	EndGlobalSection
EndGlobal
